
Microsoft Visual Studio Solution File, Format Version 11.00
# Visual Studio 2010
Project("{FAE04EC0-301F-11D3-BF4B-00C04F79EFBC}") = "MessagesLibrary", "MessagesLibrary\MessagesLibrary.csproj", "{F0E78280-02F3-41BA-A2C6-F33DF72CC61C}"
EndProject
Project("{FAE04EC0-301F-11D3-BF4B-00C04F79EFBC}") = "EncodingLibrary", "EncodingLibrary\EncodingLibrary.csproj", "{52D73216-A8B8-443C-88E3-076C8D42568B}"
EndProject
Project("{FAE04EC0-301F-11D3-BF4B-00C04F79EFBC}") = "NetworkLibrary", "NetworkLibrary\NetworkLibrary.csproj", "{13FEC2C6-8E9D-4E6D-BC55-8F838B68B71D}"
EndProject
Project("{FAE04EC0-301F-11D3-BF4B-00C04F79EFBC}") = "CatalogService", "CatalogService\CatalogService.csproj", "{A295BEA6-F90B-48F8-B25F-8AB84DFB4FFC}"
EndProject
Project("{FAE04EC0-301F-11D3-BF4B-00C04F79EFBC}") = "EchoService.cs", "EchoService.cs\EchoService.cs.csproj", "{62BEFAD0-0D50-42A0-AD98-AB00E515B492}"
EndProject
Project("{FAE04EC0-301F-11D3-BF4B-00C04F79EFBC}") = "CatalogServerIHM", "ServerExample\CatalogServerIHM.csproj", "{C171E46D-AB56-4F8F-B934-A4A91C87D6E1}"
EndProject
Project("{FAE04EC0-301F-11D3-BF4B-00C04F79EFBC}") = "EchoServerIHM", "ClientExample\EchoServerIHM.csproj", "{CF066DCC-610A-42E7-9EDA-88878F8EEBA8}"
EndProject
Project("{FAE04EC0-301F-11D3-BF4B-00C04F79EFBC}") = "ClientIHM", "ClientIHM\ClientIHM.csproj", "{4E3F4C7E-2FEF-47B1-9484-E6A93FE75CB9}"
EndProject
Global
	GlobalSection(SubversionScc) = preSolution
		Svn-Managed = True
		Manager = AnkhSVN - Subversion Support for Visual Studio
	EndGlobalSection
	GlobalSection(SolutionConfigurationPlatforms) = preSolution
		Debug|Any CPU = Debug|Any CPU
		Debug|Mixed Platforms = Debug|Mixed Platforms
		Debug|x86 = Debug|x86
		Release|Any CPU = Release|Any CPU
		Release|Mixed Platforms = Release|Mixed Platforms
		Release|x86 = Release|x86
	EndGlobalSection
	GlobalSection(ProjectConfigurationPlatforms) = postSolution
		{F0E78280-02F3-41BA-A2C6-F33DF72CC61C}.Debug|Any CPU.ActiveCfg = Debug|Any CPU
		{F0E78280-02F3-41BA-A2C6-F33DF72CC61C}.Debug|Any CPU.Build.0 = Debug|Any CPU
		{F0E78280-02F3-41BA-A2C6-F33DF72CC61C}.Debug|Mixed Platforms.ActiveCfg = Debug|Any CPU
		{F0E78280-02F3-41BA-A2C6-F33DF72CC61C}.Debug|Mixed Platforms.Build.0 = Debug|Any CPU
		{F0E78280-02F3-41BA-A2C6-F33DF72CC61C}.Debug|x86.ActiveCfg = Debug|Any CPU
		{F0E78280-02F3-41BA-A2C6-F33DF72CC61C}.Release|Any CPU.ActiveCfg = Release|Any CPU
		{F0E78280-02F3-41BA-A2C6-F33DF72CC61C}.Release|Any CPU.Build.0 = Release|Any CPU
		{F0E78280-02F3-41BA-A2C6-F33DF72CC61C}.Release|Mixed Platforms.ActiveCfg = Release|Any CPU
		{F0E78280-02F3-41BA-A2C6-F33DF72CC61C}.Release|Mixed Platforms.Build.0 = Release|Any CPU
		{F0E78280-02F3-41BA-A2C6-F33DF72CC61C}.Release|x86.ActiveCfg = Release|Any CPU
		{52D73216-A8B8-443C-88E3-076C8D42568B}.Debug|Any CPU.ActiveCfg = Debug|Any CPU
		{52D73216-A8B8-443C-88E3-076C8D42568B}.Debug|Any CPU.Build.0 = Debug|Any CPU
		{52D73216-A8B8-443C-88E3-076C8D42568B}.Debug|Mixed Platforms.ActiveCfg = Debug|Any CPU
		{52D73216-A8B8-443C-88E3-076C8D42568B}.Debug|Mixed Platforms.Build.0 = Debug|Any CPU
		{52D73216-A8B8-443C-88E3-076C8D42568B}.Debug|x86.ActiveCfg = Debug|Any CPU
		{52D73216-A8B8-443C-88E3-076C8D42568B}.Release|Any CPU.ActiveCfg = Release|Any CPU
		{52D73216-A8B8-443C-88E3-076C8D42568B}.Release|Any CPU.Build.0 = Release|Any CPU
		{52D73216-A8B8-443C-88E3-076C8D42568B}.Release|Mixed Platforms.ActiveCfg = Release|Any CPU
		{52D73216-A8B8-443C-88E3-076C8D42568B}.Release|Mixed Platforms.Build.0 = Release|Any CPU
		{52D73216-A8B8-443C-88E3-076C8D42568B}.Release|x86.ActiveCfg = Release|Any CPU
		{13FEC2C6-8E9D-4E6D-BC55-8F838B68B71D}.Debug|Any CPU.ActiveCfg = Debug|Any CPU
		{13FEC2C6-8E9D-4E6D-BC55-8F838B68B71D}.Debug|Any CPU.Build.0 = Debug|Any CPU
		{13FEC2C6-8E9D-4E6D-BC55-8F838B68B71D}.Debug|Mixed Platforms.ActiveCfg = Debug|Any CPU
		{13FEC2C6-8E9D-4E6D-BC55-8F838B68B71D}.Debug|Mixed Platforms.Build.0 = Debug|Any CPU
		{13FEC2C6-8E9D-4E6D-BC55-8F838B68B71D}.Debug|x86.ActiveCfg = Debug|Any CPU
		{13FEC2C6-8E9D-4E6D-BC55-8F838B68B71D}.Release|Any CPU.ActiveCfg = Release|Any CPU
		{13FEC2C6-8E9D-4E6D-BC55-8F838B68B71D}.Release|Any CPU.Build.0 = Release|Any CPU
		{13FEC2C6-8E9D-4E6D-BC55-8F838B68B71D}.Release|Mixed Platforms.ActiveCfg = Release|Any CPU
		{13FEC2C6-8E9D-4E6D-BC55-8F838B68B71D}.Release|Mixed Platforms.Build.0 = Release|Any CPU
		{13FEC2C6-8E9D-4E6D-BC55-8F838B68B71D}.Release|x86.ActiveCfg = Release|Any CPU
		{A295BEA6-F90B-48F8-B25F-8AB84DFB4FFC}.Debug|Any CPU.ActiveCfg = Debug|Any CPU
		{A295BEA6-F90B-48F8-B25F-8AB84DFB4FFC}.Debug|Any CPU.Build.0 = Debug|Any CPU
		{A295BEA6-F90B-48F8-B25F-8AB84DFB4FFC}.Debug|Mixed Platforms.ActiveCfg = Debug|Any CPU
		{A295BEA6-F90B-48F8-B25F-8AB84DFB4FFC}.Debug|Mixed Platforms.Build.0 = Debug|Any CPU
		{A295BEA6-F90B-48F8-B25F-8AB84DFB4FFC}.Debug|x86.ActiveCfg = Debug|Any CPU
		{A295BEA6-F90B-48F8-B25F-8AB84DFB4FFC}.Release|Any CPU.ActiveCfg = Release|Any CPU
		{A295BEA6-F90B-48F8-B25F-8AB84DFB4FFC}.Release|Any CPU.Build.0 = Release|Any CPU
		{A295BEA6-F90B-48F8-B25F-8AB84DFB4FFC}.Release|Mixed Platforms.ActiveCfg = Release|Any CPU
		{A295BEA6-F90B-48F8-B25F-8AB84DFB4FFC}.Release|Mixed Platforms.Build.0 = Release|Any CPU
		{A295BEA6-F90B-48F8-B25F-8AB84DFB4FFC}.Release|x86.ActiveCfg = Release|Any CPU
		{62BEFAD0-0D50-42A0-AD98-AB00E515B492}.Debug|Any CPU.ActiveCfg = Debug|Any CPU
		{62BEFAD0-0D50-42A0-AD98-AB00E515B492}.Debug|Any CPU.Build.0 = Debug|Any CPU
		{62BEFAD0-0D50-42A0-AD98-AB00E515B492}.Debug|Mixed Platforms.ActiveCfg = Debug|Any CPU
		{62BEFAD0-0D50-42A0-AD98-AB00E515B492}.Debug|Mixed Platforms.Build.0 = Debug|Any CPU
		{62BEFAD0-0D50-42A0-AD98-AB00E515B492}.Debug|x86.ActiveCfg = Debug|Any CPU
		{62BEFAD0-0D50-42A0-AD98-AB00E515B492}.Release|Any CPU.ActiveCfg = Release|Any CPU
		{62BEFAD0-0D50-42A0-AD98-AB00E515B492}.Release|Any CPU.Build.0 = Release|Any CPU
		{62BEFAD0-0D50-42A0-AD98-AB00E515B492}.Release|Mixed Platforms.ActiveCfg = Release|Any CPU
		{62BEFAD0-0D50-42A0-AD98-AB00E515B492}.Release|Mixed Platforms.Build.0 = Release|Any CPU
		{62BEFAD0-0D50-42A0-AD98-AB00E515B492}.Release|x86.ActiveCfg = Release|Any CPU
		{C171E46D-AB56-4F8F-B934-A4A91C87D6E1}.Debug|Any CPU.ActiveCfg = Debug|x86
		{C171E46D-AB56-4F8F-B934-A4A91C87D6E1}.Debug|Mixed Platforms.ActiveCfg = Debug|x86
		{C171E46D-AB56-4F8F-B934-A4A91C87D6E1}.Debug|Mixed Platforms.Build.0 = Debug|x86
		{C171E46D-AB56-4F8F-B934-A4A91C87D6E1}.Debug|x86.ActiveCfg = Debug|x86
		{C171E46D-AB56-4F8F-B934-A4A91C87D6E1}.Debug|x86.Build.0 = Debug|x86
		{C171E46D-AB56-4F8F-B934-A4A91C87D6E1}.Release|Any CPU.ActiveCfg = Release|x86
		{C171E46D-AB56-4F8F-B934-A4A91C87D6E1}.Release|Mixed Platforms.ActiveCfg = Release|x86
		{C171E46D-AB56-4F8F-B934-A4A91C87D6E1}.Release|Mixed Platforms.Build.0 = Release|x86
		{C171E46D-AB56-4F8F-B934-A4A91C87D6E1}.Release|x86.ActiveCfg = Release|x86
		{C171E46D-AB56-4F8F-B934-A4A91C87D6E1}.Release|x86.Build.0 = Release|x86
		{CF066DCC-610A-42E7-9EDA-88878F8EEBA8}.Debug|Any CPU.ActiveCfg = Debug|x86
		{CF066DCC-610A-42E7-9EDA-88878F8EEBA8}.Debug|Mixed Platforms.ActiveCfg = Debug|x86
		{CF066DCC-610A-42E7-9EDA-88878F8EEBA8}.Debug|Mixed Platforms.Build.0 = Debug|x86
		{CF066DCC-610A-42E7-9EDA-88878F8EEBA8}.Debug|x86.ActiveCfg = Debug|x86
		{CF066DCC-610A-42E7-9EDA-88878F8EEBA8}.Debug|x86.Build.0 = Debug|x86
		{CF066DCC-610A-42E7-9EDA-88878F8EEBA8}.Release|Any CPU.ActiveCfg = Release|x86
		{CF066DCC-610A-42E7-9EDA-88878F8EEBA8}.Release|Mixed Platforms.ActiveCfg = Release|x86
		{CF066DCC-610A-42E7-9EDA-88878F8EEBA8}.Release|Mixed Platforms.Build.0 = Release|x86
		{CF066DCC-610A-42E7-9EDA-88878F8EEBA8}.Release|x86.ActiveCfg = Release|x86
		{CF066DCC-610A-42E7-9EDA-88878F8EEBA8}.Release|x86.Build.0 = Release|x86
		{4E3F4C7E-2FEF-47B1-9484-E6A93FE75CB9}.Debug|Any CPU.ActiveCfg = Debug|x86
		{4E3F4C7E-2FEF-47B1-9484-E6A93FE75CB9}.Debug|Mixed Platforms.ActiveCfg = Debug|x86
		{4E3F4C7E-2FEF-47B1-9484-E6A93FE75CB9}.Debug|Mixed Platforms.Build.0 = Debug|x86
		{4E3F4C7E-2FEF-47B1-9484-E6A93FE75CB9}.Debug|x86.ActiveCfg = Debug|x86
		{4E3F4C7E-2FEF-47B1-9484-E6A93FE75CB9}.Debug|x86.Build.0 = Debug|x86
		{4E3F4C7E-2FEF-47B1-9484-E6A93FE75CB9}.Release|Any CPU.ActiveCfg = Release|x86
		{4E3F4C7E-2FEF-47B1-9484-E6A93FE75CB9}.Release|Mixed Platforms.ActiveCfg = Release|x86
		{4E3F4C7E-2FEF-47B1-9484-E6A93FE75CB9}.Release|Mixed Platforms.Build.0 = Release|x86
		{4E3F4C7E-2FEF-47B1-9484-E6A93FE75CB9}.Release|x86.ActiveCfg = Release|x86
		{4E3F4C7E-2FEF-47B1-9484-E6A93FE75CB9}.Release|x86.Build.0 = Release|x86
	EndGlobalSection
	GlobalSection(SolutionProperties) = preSolution
		HideSolutionNode = FALSE
	EndGlobalSection
EndGlobal
